
Microsoft Visual Studio Solution File, Format Version 12.00
# Visual Studio 15
VisualStudioVersion = 15.0.28307.1684
MinimumVisualStudioVersion = 10.0.40219.1
Project("{FAE04EC0-301F-11D3-BF4B-00C04F79EFBC}") = "EcoAmigios", "EcoAmigios\EcoAmigios.csproj", "{B1DE2A78-84B9-4887-8481-5EAEC56D40BD}"
EndProject
Global
	GlobalSection(SolutionConfigurationPlatforms) = preSolution
		Debug|Any CPU = Debug|Any CPU
		Release|Any CPU = Release|Any CPU
	EndGlobalSection
	GlobalSection(ProjectConfigurationPlatforms) = postSolution
		{B1DE2A78-84B9-4887-8481-5EAEC56D40BD}.Debug|Any CPU.ActiveCfg = Debug|Any CPU
		{B1DE2A78-84B9-4887-8481-5EAEC56D40BD}.Debug|Any CPU.Build.0 = Debug|Any CPU
		{B1DE2A78-84B9-4887-8481-5EAEC56D40BD}.Release|Any CPU.ActiveCfg = Release|Any CPU
		{B1DE2A78-84B9-4887-8481-5EAEC56D40BD}.Release|Any CPU.Build.0 = Release|Any CPU
	EndGlobalSection
	GlobalSection(SolutionProperties) = preSolution
		HideSolutionNode = FALSE
	EndGlobalSection
	GlobalSection(ExtensibilityGlobals) = postSolution
		SolutionGuid = {39F81674-B6B7-43FC-8D02-D683EF2A2F19}
	EndGlobalSection
EndGlobal
